
Microsoft Visual Studio Solution File, Format Version 12.00
# Visual Studio Version 16
VisualStudioVersion = 16.0.30804.86
MinimumVisualStudioVersion = 10.0.40219.1
Project("{FAE04EC0-301F-11D3-BF4B-00C04F79EFBC}") = "BigStonks", "BigStonks\BigStonks.csproj", "{D0EF5774-FF4E-4952-BB36-486A60955780}"
EndProject
Global
	GlobalSection(SolutionConfigurationPlatforms) = preSolution
		Debug|Any CPU = Debug|Any CPU
		Release|Any CPU = Release|Any CPU
	EndGlobalSection
	GlobalSection(ProjectConfigurationPlatforms) = postSolution
		{D0EF5774-FF4E-4952-BB36-486A60955780}.Debug|Any CPU.ActiveCfg = Debug|Any CPU
		{D0EF5774-FF4E-4952-BB36-486A60955780}.Debug|Any CPU.Build.0 = Debug|Any CPU
		{D0EF5774-FF4E-4952-BB36-486A60955780}.Release|Any CPU.ActiveCfg = Release|Any CPU
		{D0EF5774-FF4E-4952-BB36-486A60955780}.Release|Any CPU.Build.0 = Release|Any CPU
	EndGlobalSection
	GlobalSection(SolutionProperties) = preSolution
		HideSolutionNode = FALSE
	EndGlobalSection
	GlobalSection(ExtensibilityGlobals) = postSolution
		SolutionGuid = {8C0B6357-13C7-45A7-98DC-B01F240228C7}
	EndGlobalSection
EndGlobal
